
Microsoft Visual Studio Solution File, Format Version 12.00
# Visual Studio Version 17
VisualStudioVersion = 17.5.002.0
MinimumVisualStudioVersion = 10.0.40219.1
Project("{9A19103F-16F7-4668-BE54-9A1E7A4F7556}") = "Develop02", "Develop02.csproj", "{0DF92A40-B8A1-4DC9-854C-56B751691712}"
EndProject
Global
	GlobalSection(SolutionConfigurationPlatforms) = preSolution
		Debug|Any CPU = Debug|Any CPU
		Release|Any CPU = Release|Any CPU
	EndGlobalSection
	GlobalSection(ProjectConfigurationPlatforms) = postSolution
		{0DF92A40-B8A1-4DC9-854C-56B751691712}.Debug|Any CPU.ActiveCfg = Debug|Any CPU
		{0DF92A40-B8A1-4DC9-854C-56B751691712}.Debug|Any CPU.Build.0 = Debug|Any CPU
		{0DF92A40-B8A1-4DC9-854C-56B751691712}.Release|Any CPU.ActiveCfg = Release|Any CPU
		{0DF92A40-B8A1-4DC9-854C-56B751691712}.Release|Any CPU.Build.0 = Release|Any CPU
	EndGlobalSection
	GlobalSection(SolutionProperties) = preSolution
		HideSolutionNode = FALSE
	EndGlobalSection
	GlobalSection(ExtensibilityGlobals) = postSolution
		SolutionGuid = {E9E0986D-18FC-454C-97E7-7BAA40F2951D}
	EndGlobalSection
EndGlobal
